// !$*UTF8*$!
{
	archiveVersion = 1;
	classes = {
	};
	objectVersion = 55;
	objects = {

/* Begin PBXBuildFile section */
		B1568FBE268EC81900AF8EEC /* PokemonCardsApp.swift in Sources */ = {isa = PBXBuildFile; fileRef = B1568FB0268EC81800AF8EEC /* PokemonCardsApp.swift */; };
		B1568FBF268EC81900AF8EEC /* PokemonCardsApp.swift in Sources */ = {isa = PBXBuildFile; fileRef = B1568FB0268EC81800AF8EEC /* PokemonCardsApp.swift */; };
		B1568FC0268EC81900AF8EEC /* ContentView.swift in Sources */ = {isa = PBXBuildFile; fileRef = B1568FB1268EC81800AF8EEC /* ContentView.swift */; };
		B1568FC1268EC81900AF8EEC /* ContentView.swift in Sources */ = {isa = PBXBuildFile; fileRef = B1568FB1268EC81800AF8EEC /* ContentView.swift */; };
		B1568FC2268EC81900AF8EEC /* Assets.xcassets in Resources */ = {isa = PBXBuildFile; fileRef = B1568FB2268EC81900AF8EEC /* Assets.xcassets */; };
		B1568FC3268EC81900AF8EEC /* Assets.xcassets in Resources */ = {isa = PBXBuildFile; fileRef = B1568FB2268EC81900AF8EEC /* Assets.xcassets */; };
		B1568FCE268EC84E00AF8EEC /* NetworkError.swift in Sources */ = {isa = PBXBuildFile; fileRef = B1568FCD268EC84E00AF8EEC /* NetworkError.swift */; };
		B1568FD1268EC91C00AF8EEC /* APIEndpoint.swift in Sources */ = {isa = PBXBuildFile; fileRef = B1568FD0268EC91C00AF8EEC /* APIEndpoint.swift */; };
		B1568FD4268EC97E00AF8EEC /* NetworkService+Network.swift in Sources */ = {isa = PBXBuildFile; fileRef = B1568FD3268EC97E00AF8EEC /* NetworkService+Network.swift */; };
		B1568FD8268ED4C800AF8EEC /* CardsService.swift in Sources */ = {isa = PBXBuildFile; fileRef = B1568FD7268ED4C800AF8EEC /* CardsService.swift */; };
		B1568FDA268ED50A00AF8EEC /* CardsServiceError.swift in Sources */ = {isa = PBXBuildFile; fileRef = B1568FD9268ED50A00AF8EEC /* CardsServiceError.swift */; };
		B1568FDD268ED95400AF8EEC /* Card.swift in Sources */ = {isa = PBXBuildFile; fileRef = B1568FDC268ED95400AF8EEC /* Card.swift */; };
		B1568FE0268F0E1900AF8EEC /* CardsViewModel.swift in Sources */ = {isa = PBXBuildFile; fileRef = B1568FDF268F0E1900AF8EEC /* CardsViewModel.swift */; };
		B1568FE4268F132C00AF8EEC /* CardElement.swift in Sources */ = {isa = PBXBuildFile; fileRef = B1568FE3268F132C00AF8EEC /* CardElement.swift */; };
/* End PBXBuildFile section */

/* Begin PBXFileReference section */
		B1568FB0268EC81800AF8EEC /* PokemonCardsApp.swift */ = {isa = PBXFileReference; lastKnownFileType = sourcecode.swift; path = PokemonCardsApp.swift; sourceTree = "<group>"; };
		B1568FB1268EC81800AF8EEC /* ContentView.swift */ = {isa = PBXFileReference; lastKnownFileType = sourcecode.swift; path = ContentView.swift; sourceTree = "<group>"; };
		B1568FB2268EC81900AF8EEC /* Assets.xcassets */ = {isa = PBXFileReference; lastKnownFileType = folder.assetcatalog; path = Assets.xcassets; sourceTree = "<group>"; };
		B1568FB7268EC81900AF8EEC /* PokemonCards.app */ = {isa = PBXFileReference; explicitFileType = wrapper.application; includeInIndex = 0; path = PokemonCards.app; sourceTree = BUILT_PRODUCTS_DIR; };
		B1568FBD268EC81900AF8EEC /* PokemonCards.app */ = {isa = PBXFileReference; explicitFileType = wrapper.application; includeInIndex = 0; path = PokemonCards.app; sourceTree = BUILT_PRODUCTS_DIR; };
		B1568FCD268EC84E00AF8EEC /* NetworkError.swift */ = {isa = PBXFileReference; lastKnownFileType = sourcecode.swift; path = NetworkError.swift; sourceTree = "<group>"; };
		B1568FD0268EC91C00AF8EEC /* APIEndpoint.swift */ = {isa = PBXFileReference; lastKnownFileType = sourcecode.swift; path = APIEndpoint.swift; sourceTree = "<group>"; };
		B1568FD3268EC97E00AF8EEC /* NetworkService+Network.swift */ = {isa = PBXFileReference; lastKnownFileType = sourcecode.swift; path = "NetworkService+Network.swift"; sourceTree = "<group>"; };
		B1568FD7268ED4C800AF8EEC /* CardsService.swift */ = {isa = PBXFileReference; lastKnownFileType = sourcecode.swift; path = CardsService.swift; sourceTree = "<group>"; };
		B1568FD9268ED50A00AF8EEC /* CardsServiceError.swift */ = {isa = PBXFileReference; lastKnownFileType = sourcecode.swift; path = CardsServiceError.swift; sourceTree = "<group>"; };
		B1568FDC268ED95400AF8EEC /* Card.swift */ = {isa = PBXFileReference; lastKnownFileType = sourcecode.swift; path = Card.swift; sourceTree = "<group>"; };
		B1568FDF268F0E1900AF8EEC /* CardsViewModel.swift */ = {isa = PBXFileReference; lastKnownFileType = sourcecode.swift; path = CardsViewModel.swift; sourceTree = "<group>"; };
		B1568FE3268F132C00AF8EEC /* CardElement.swift */ = {isa = PBXFileReference; lastKnownFileType = sourcecode.swift; path = CardElement.swift; sourceTree = "<group>"; };
/* End PBXFileReference section */

/* Begin PBXFrameworksBuildPhase section */
		B1568FB4268EC81900AF8EEC /* Frameworks */ = {
			isa = PBXFrameworksBuildPhase;
			buildActionMask = 2147483647;
			files = (
			);
			runOnlyForDeploymentPostprocessing = 0;
		};
		B1568FBA268EC81900AF8EEC /* Frameworks */ = {
			isa = PBXFrameworksBuildPhase;
			buildActionMask = 2147483647;
			files = (
			);
			runOnlyForDeploymentPostprocessing = 0;
		};
/* End PBXFrameworksBuildPhase section */

/* Begin PBXGroup section */
		B1568FAA268EC81700AF8EEC = {
			isa = PBXGroup;
			children = (
				B1568FDE268F0DF200AF8EEC /* ViewModels */,
				B1568FDB268ED94900AF8EEC /* Models */,
				B1568FD2268EC96C00AF8EEC /* Services */,
				B1568FCF268EC91000AF8EEC /* Endpoint */,
				B1568FCC268EC83D00AF8EEC /* Errors */,
				B1568FAF268EC81800AF8EEC /* Shared */,
				B1568FB8268EC81900AF8EEC /* Products */,
			);
			sourceTree = "<group>";
		};
		B1568FAF268EC81800AF8EEC /* Shared */ = {
			isa = PBXGroup;
			children = (
				B1568FB0268EC81800AF8EEC /* PokemonCardsApp.swift */,
				B1568FB1268EC81800AF8EEC /* ContentView.swift */,
				B1568FB2268EC81900AF8EEC /* Assets.xcassets */,
			);
			path = Shared;
			sourceTree = "<group>";
		};
		B1568FB8268EC81900AF8EEC /* Products */ = {
			isa = PBXGroup;
			children = (
				B1568FB7268EC81900AF8EEC /* PokemonCards.app */,
				B1568FBD268EC81900AF8EEC /* PokemonCards.app */,
			);
			name = Products;
			sourceTree = "<group>";
		};
		B1568FCC268EC83D00AF8EEC /* Errors */ = {
			isa = PBXGroup;
			children = (
				B1568FCD268EC84E00AF8EEC /* NetworkError.swift */,
				B1568FD9268ED50A00AF8EEC /* CardsServiceError.swift */,
			);
			path = Errors;
			sourceTree = "<group>";
		};
		B1568FCF268EC91000AF8EEC /* Endpoint */ = {
			isa = PBXGroup;
			children = (
				B1568FD0268EC91C00AF8EEC /* APIEndpoint.swift */,
			);
			path = Endpoint;
			sourceTree = "<group>";
		};
		B1568FD2268EC96C00AF8EEC /* Services */ = {
			isa = PBXGroup;
			children = (
				B1568FD6268ED4A200AF8EEC /* Local */,
				B1568FD5268ED49A00AF8EEC /* Network */,
			);
			path = Services;
			sourceTree = "<group>";
		};
		B1568FD5268ED49A00AF8EEC /* Network */ = {
			isa = PBXGroup;
			children = (
				B1568FD3268EC97E00AF8EEC /* NetworkService+Network.swift */,
			);
			path = Network;
			sourceTree = "<group>";
		};
		B1568FD6268ED4A200AF8EEC /* Local */ = {
			isa = PBXGroup;
			children = (
				B1568FD7268ED4C800AF8EEC /* CardsService.swift */,
			);
			path = Local;
			sourceTree = "<group>";
		};
		B1568FDB268ED94900AF8EEC /* Models */ = {
			isa = PBXGroup;
			children = (
				B1568FE2268F128E00AF8EEC /* Decodable */,
				B1568FE1268F128000AF8EEC /* UI */,
			);
			path = Models;
			sourceTree = "<group>";
		};
		B1568FDE268F0DF200AF8EEC /* ViewModels */ = {
			isa = PBXGroup;
			children = (
				B1568FDF268F0E1900AF8EEC /* CardsViewModel.swift */,
			);
			path = ViewModels;
			sourceTree = "<group>";
		};
		B1568FE1268F128000AF8EEC /* UI */ = {
			isa = PBXGroup;
			children = (
				B1568FE3268F132C00AF8EEC /* CardElement.swift */,
			);
			path = UI;
			sourceTree = "<group>";
		};
		B1568FE2268F128E00AF8EEC /* Decodable */ = {
			isa = PBXGroup;
			children = (
				B1568FDC268ED95400AF8EEC /* Card.swift */,
			);
			path = Decodable;
			sourceTree = "<group>";
		};
/* End PBXGroup section */

/* Begin PBXNativeTarget section */
		B1568FB6268EC81900AF8EEC /* PokemonCards (iOS) */ = {
			isa = PBXNativeTarget;
			buildConfigurationList = B1568FC6268EC81900AF8EEC /* Build configuration list for PBXNativeTarget "PokemonCards (iOS)" */;
			buildPhases = (
				B1568FB3268EC81900AF8EEC /* Sources */,
				B1568FB4268EC81900AF8EEC /* Frameworks */,
				B1568FB5268EC81900AF8EEC /* Resources */,
			);
			buildRules = (
			);
			dependencies = (
			);
			name = "PokemonCards (iOS)";
			productName = "PokemonCards (iOS)";
			productReference = B1568FB7268EC81900AF8EEC /* PokemonCards.app */;
			productType = "com.apple.product-type.application";
		};
		B1568FBC268EC81900AF8EEC /* PokemonCards (macOS) */ = {
			isa = PBXNativeTarget;
			buildConfigurationList = B1568FC9268EC81900AF8EEC /* Build configuration list for PBXNativeTarget "PokemonCards (macOS)" */;
			buildPhases = (
				B1568FB9268EC81900AF8EEC /* Sources */,
				B1568FBA268EC81900AF8EEC /* Frameworks */,
				B1568FBB268EC81900AF8EEC /* Resources */,
			);
			buildRules = (
			);
			dependencies = (
			);
			name = "PokemonCards (macOS)";
			productName = "PokemonCards (macOS)";
			productReference = B1568FBD268EC81900AF8EEC /* PokemonCards.app */;
			productType = "com.apple.product-type.application";
		};
/* End PBXNativeTarget section */

/* Begin PBXProject section */
		B1568FAB268EC81700AF8EEC /* Project object */ = {
			isa = PBXProject;
			attributes = {
				BuildIndependentTargetsInParallel = 1;
				LastSwiftUpdateCheck = 1300;
				LastUpgradeCheck = 1300;
				TargetAttributes = {
					B1568FB6268EC81900AF8EEC = {
						CreatedOnToolsVersion = 13.0;
					};
					B1568FBC268EC81900AF8EEC = {
						CreatedOnToolsVersion = 13.0;
					};
				};
			};
			buildConfigurationList = B1568FAE268EC81700AF8EEC /* Build configuration list for PBXProject "PokemonCards" */;
			compatibilityVersion = "Xcode 13.0";
			developmentRegion = en;
			hasScannedForEncodings = 0;
			knownRegions = (
				en,
				Base,
			);
			mainGroup = B1568FAA268EC81700AF8EEC;
			productRefGroup = B1568FB8268EC81900AF8EEC /* Products */;
			projectDirPath = "";
			projectRoot = "";
			targets = (
				B1568FB6268EC81900AF8EEC /* PokemonCards (iOS) */,
				B1568FBC268EC81900AF8EEC /* PokemonCards (macOS) */,
			);
		};
/* End PBXProject section */

/* Begin PBXResourcesBuildPhase section */
		B1568FB5268EC81900AF8EEC /* Resources */ = {
			isa = PBXResourcesBuildPhase;
			buildActionMask = 2147483647;
			files = (
				B1568FC2268EC81900AF8EEC /* Assets.xcassets in Resources */,
			);
			runOnlyForDeploymentPostprocessing = 0;
		};
		B1568FBB268EC81900AF8EEC /* Resources */ = {
			isa = PBXResourcesBuildPhase;
			buildActionMask = 2147483647;
			files = (
				B1568FC3268EC81900AF8EEC /* Assets.xcassets in Resources */,
			);
			runOnlyForDeploymentPostprocessing = 0;
		};
/* End PBXResourcesBuildPhase section */

/* Begin PBXSourcesBuildPhase section */
		B1568FB3268EC81900AF8EEC /* Sources */ = {
			isa = PBXSourcesBuildPhase;
			buildActionMask = 2147483647;
			files = (
				B1568FD4268EC97E00AF8EEC /* NetworkService+Network.swift in Sources */,
				B1568FCE268EC84E00AF8EEC /* NetworkError.swift in Sources */,
				B1568FC0268EC81900AF8EEC /* ContentView.swift in Sources */,
				B1568FD8268ED4C800AF8EEC /* CardsService.swift in Sources */,
				B1568FBE268EC81900AF8EEC /* PokemonCardsApp.swift in Sources */,
				B1568FE0268F0E1900AF8EEC /* CardsViewModel.swift in Sources */,
				B1568FDA268ED50A00AF8EEC /* CardsServiceError.swift in Sources */,
				B1568FD1268EC91C00AF8EEC /* APIEndpoint.swift in Sources */,
				B1568FE4268F132C00AF8EEC /* CardElement.swift in Sources */,
				B1568FDD268ED95400AF8EEC /* Card.swift in Sources */,
			);
			runOnlyForDeploymentPostprocessing = 0;
		};
		B1568FB9268EC81900AF8EEC /* Sources */ = {
			isa = PBXSourcesBuildPhase;
			buildActionMask = 2147483647;
			files = (
				B1568FC1268EC81900AF8EEC /* ContentView.swift in Sources */,
				B1568FBF268EC81900AF8EEC /* PokemonCardsApp.swift in Sources */,
			);
			runOnlyForDeploymentPostprocessing = 0;
		};
/* End PBXSourcesBuildPhase section */

/* Begin XCBuildConfiguration section */
		B1568FC4268EC81900AF8EEC /* Debug */ = {
			isa = XCBuildConfiguration;
			buildSettings = {
				ALWAYS_SEARCH_USER_PATHS = NO;
				CLANG_ANALYZER_NONNULL = YES;
				CLANG_ANALYZER_NUMBER_OBJECT_CONVERSION = YES_AGGRESSIVE;
				CLANG_CXX_LANGUAGE_STANDARD = "gnu++14";
				CLANG_CXX_LIBRARY = "libc++";
				CLANG_ENABLE_MODULES = YES;
				CLANG_ENABLE_OBJC_ARC = YES;
				CLANG_ENABLE_OBJC_WEAK = YES;
				CLANG_WARN_BLOCK_CAPTURE_AUTORELEASING = YES;
				CLANG_WARN_BOOL_CONVERSION = YES;
				CLANG_WARN_COMMA = YES;
				CLANG_WARN_CONSTANT_CONVERSION = YES;
				CLANG_WARN_DEPRECATED_OBJC_IMPLEMENTATIONS = YES;
				CLANG_WARN_DIRECT_OBJC_ISA_USAGE = YES_ERROR;
				CLANG_WARN_DOCUMENTATION_COMMENTS = YES;
				CLANG_WARN_EMPTY_BODY = YES;
				CLANG_WARN_ENUM_CONVERSION = YES;
				CLANG_WARN_INFINITE_RECURSION = YES;
				CLANG_WARN_INT_CONVERSION = YES;
				CLANG_WARN_NON_LITERAL_NULL_CONVERSION = YES;
				CLANG_WARN_OBJC_IMPLICIT_RETAIN_SELF = YES;
				CLANG_WARN_OBJC_LITERAL_CONVERSION = YES;
				CLANG_WARN_OBJC_ROOT_CLASS = YES_ERROR;
				CLANG_WARN_QUOTED_INCLUDE_IN_FRAMEWORK_HEADER = YES;
				CLANG_WARN_RANGE_LOOP_ANALYSIS = YES;
				CLANG_WARN_STRICT_PROTOTYPES = YES;
				CLANG_WARN_SUSPICIOUS_MOVE = YES;
				CLANG_WARN_UNGUARDED_AVAILABILITY = YES_AGGRESSIVE;
				CLANG_WARN_UNREACHABLE_CODE = YES;
				CLANG_WARN__DUPLICATE_METHOD_MATCH = YES;
				COPY_PHASE_STRIP = NO;
				DEBUG_INFORMATION_FORMAT = dwarf;
				ENABLE_STRICT_OBJC_MSGSEND = YES;
				ENABLE_TESTABILITY = YES;
				GCC_C_LANGUAGE_STANDARD = gnu11;
				GCC_DYNAMIC_NO_PIC = NO;
				GCC_NO_COMMON_BLOCKS = YES;
				GCC_OPTIMIZATION_LEVEL = 0;
				GCC_PREPROCESSOR_DEFINITIONS = (
					"DEBUG=1",
					"$(inherited)",
				);
				GCC_WARN_64_TO_32_BIT_CONVERSION = YES;
				GCC_WARN_ABOUT_RETURN_TYPE = YES_ERROR;
				GCC_WARN_UNDECLARED_SELECTOR = YES;
				GCC_WARN_UNINITIALIZED_AUTOS = YES_AGGRESSIVE;
				GCC_WARN_UNUSED_FUNCTION = YES;
				GCC_WARN_UNUSED_VARIABLE = YES;
				MTL_ENABLE_DEBUG_INFO = INCLUDE_SOURCE;
				MTL_FAST_MATH = YES;
				ONLY_ACTIVE_ARCH = YES;
				SWIFT_ACTIVE_COMPILATION_CONDITIONS = DEBUG;
				SWIFT_OPTIMIZATION_LEVEL = "-Onone";
			};
			name = Debug;
		};
		B1568FC5268EC81900AF8EEC /* Release */ = {
			isa = XCBuildConfiguration;
			buildSettings = {
				ALWAYS_SEARCH_USER_PATHS = NO;
				CLANG_ANALYZER_NONNULL = YES;
				CLANG_ANALYZER_NUMBER_OBJECT_CONVERSION = YES_AGGRESSIVE;
				CLANG_CXX_LANGUAGE_STANDARD = "gnu++14";
				CLANG_CXX_LIBRARY = "libc++";
				CLANG_ENABLE_MODULES = YES;
				CLANG_ENABLE_OBJC_ARC = YES;
				CLANG_ENABLE_OBJC_WEAK = YES;
				CLANG_WARN_BLOCK_CAPTURE_AUTORELEASING = YES;
				CLANG_WARN_BOOL_CONVERSION = YES;
				CLANG_WARN_COMMA = YES;
				CLANG_WARN_CONSTANT_CONVERSION = YES;
				CLANG_WARN_DEPRECATED_OBJC_IMPLEMENTATIONS = YES;
				CLANG_WARN_DIRECT_OBJC_ISA_USAGE = YES_ERROR;
				CLANG_WARN_DOCUMENTATION_COMMENTS = YES;
				CLANG_WARN_EMPTY_BODY = YES;
				CLANG_WARN_ENUM_CONVERSION = YES;
				CLANG_WARN_INFINITE_RECURSION = YES;
				CLANG_WARN_INT_CONVERSION = YES;
				CLANG_WARN_NON_LITERAL_NULL_CONVERSION = YES;
				CLANG_WARN_OBJC_IMPLICIT_RETAIN_SELF = YES;
				CLANG_WARN_OBJC_LITERAL_CONVERSION = YES;
				CLANG_WARN_OBJC_ROOT_CLASS = YES_ERROR;
				CLANG_WARN_QUOTED_INCLUDE_IN_FRAMEWORK_HEADER = YES;
				CLANG_WARN_RANGE_LOOP_ANALYSIS = YES;
				CLANG_WARN_STRICT_PROTOTYPES = YES;
				CLANG_WARN_SUSPICIOUS_MOVE = YES;
				CLANG_WARN_UNGUARDED_AVAILABILITY = YES_AGGRESSIVE;
				CLANG_WARN_UNREACHABLE_CODE = YES;
				CLANG_WARN__DUPLICATE_METHOD_MATCH = YES;
				COPY_PHASE_STRIP = NO;
				DEBUG_INFORMATION_FORMAT = "dwarf-with-dsym";
				ENABLE_NS_ASSERTIONS = NO;
				ENABLE_STRICT_OBJC_MSGSEND = YES;
				GCC_C_LANGUAGE_STANDARD = gnu11;
				GCC_NO_COMMON_BLOCKS = YES;
				GCC_WARN_64_TO_32_BIT_CONVERSION = YES;
				GCC_WARN_ABOUT_RETURN_TYPE = YES_ERROR;
				GCC_WARN_UNDECLARED_SELECTOR = YES;
				GCC_WARN_UNINITIALIZED_AUTOS = YES_AGGRESSIVE;
				GCC_WARN_UNUSED_FUNCTION = YES;
				GCC_WARN_UNUSED_VARIABLE = YES;
				MTL_ENABLE_DEBUG_INFO = NO;
				MTL_FAST_MATH = YES;
				SWIFT_COMPILATION_MODE = wholemodule;
				SWIFT_OPTIMIZATION_LEVEL = "-O";
			};
			name = Release;
		};
		B1568FC7268EC81900AF8EEC /* Debug */ = {
			isa = XCBuildConfiguration;
			buildSettings = {
				ASSETCATALOG_COMPILER_APPICON_NAME = AppIcon;
				ASSETCATALOG_COMPILER_GLOBAL_ACCENT_COLOR_NAME = AccentColor;
				CODE_SIGN_STYLE = Automatic;
				CURRENT_PROJECT_VERSION = 1;
				DEVELOPMENT_TEAM = 9F4WFMQ34H;
				ENABLE_PREVIEWS = YES;
				GENERATE_INFOPLIST_FILE = YES;
				INFOPLIST_KEY_UIApplicationSceneManifest_Generation = YES;
				INFOPLIST_KEY_UIApplicationSupportsIndirectInputEvents = YES;
				INFOPLIST_KEY_UILaunchScreen_Generation = YES;
				INFOPLIST_KEY_UISupportedInterfaceOrientations_iPad = "UIInterfaceOrientationPortrait UIInterfaceOrientationPortraitUpsideDown UIInterfaceOrientationLandscapeLeft UIInterfaceOrientationLandscapeRight";
				INFOPLIST_KEY_UISupportedInterfaceOrientations_iPhone = "UIInterfaceOrientationPortrait UIInterfaceOrientationLandscapeLeft UIInterfaceOrientationLandscapeRight";
				IPHONEOS_DEPLOYMENT_TARGET = 15.0;
				LD_RUNPATH_SEARCH_PATHS = (
					"$(inherited)",
					"@executable_path/Frameworks",
				);
				MARKETING_VERSION = 1.0;
				PRODUCT_BUNDLE_IDENTIFIER = com.UsiantsevStepan.PokemonCards;
				PRODUCT_NAME = PokemonCards;
				SDKROOT = iphoneos;
				SWIFT_EMIT_LOC_STRINGS = YES;
				SWIFT_VERSION = 5.0;
				TARGETED_DEVICE_FAMILY = "1,2";
			};
			name = Debug;
		};
		B1568FC8268EC81900AF8EEC /* Release */ = {
			isa = XCBuildConfiguration;
			buildSettings = {
				ASSETCATALOG_COMPILER_APPICON_NAME = AppIcon;
				ASSETCATALOG_COMPILER_GLOBAL_ACCENT_COLOR_NAME = AccentColor;
				CODE_SIGN_STYLE = Automatic;
				CURRENT_PROJECT_VERSION = 1;
				DEVELOPMENT_TEAM = 9F4WFMQ34H;
				ENABLE_PREVIEWS = YES;
				GENERATE_INFOPLIST_FILE = YES;
				INFOPLIST_KEY_UIApplicationSceneManifest_Generation = YES;
				INFOPLIST_KEY_UIApplicationSupportsIndirectInputEvents = YES;
				INFOPLIST_KEY_UILaunchScreen_Generation = YES;
				INFOPLIST_KEY_UISupportedInterfaceOrientations_iPad = "UIInterfaceOrientationPortrait UIInterfaceOrientationPortraitUpsideDown UIInterfaceOrientationLandscapeLeft UIInterfaceOrientationLandscapeRight";
				INFOPLIST_KEY_UISupportedInterfaceOrientations_iPhone = "UIInterfaceOrientationPortrait UIInterfaceOrientationLandscapeLeft UIInterfaceOrientationLandscapeRight";
				IPHONEOS_DEPLOYMENT_TARGET = 15.0;
				LD_RUNPATH_SEARCH_PATHS = (
					"$(inherited)",
					"@executable_path/Frameworks",
				);
				MARKETING_VERSION = 1.0;
				PRODUCT_BUNDLE_IDENTIFIER = com.UsiantsevStepan.PokemonCards;
				PRODUCT_NAME = PokemonCards;
				SDKROOT = iphoneos;
				SWIFT_EMIT_LOC_STRINGS = YES;
				SWIFT_VERSION = 5.0;
				TARGETED_DEVICE_FAMILY = "1,2";
				VALIDATE_PRODUCT = YES;
			};
			name = Release;
		};
		B1568FCA268EC81900AF8EEC /* Debug */ = {
			isa = XCBuildConfiguration;
			buildSettings = {
				ASSETCATALOG_COMPILER_APPICON_NAME = AppIcon;
				ASSETCATALOG_COMPILER_GLOBAL_ACCENT_COLOR_NAME = AccentColor;
				CODE_SIGN_STYLE = Automatic;
				COMBINE_HIDPI_IMAGES = YES;
				CURRENT_PROJECT_VERSION = 1;
				DEVELOPMENT_TEAM = 9F4WFMQ34H;
				ENABLE_APP_SANDBOX = YES;
				ENABLE_HARDENED_RUNTIME = YES;
				ENABLE_PREVIEWS = YES;
				ENABLE_USER_SELECTED_FILES = readonly;
				GENERATE_INFOPLIST_FILE = YES;
				INFOPLIST_KEY_NSHumanReadableCopyright = "";
				LD_RUNPATH_SEARCH_PATHS = (
					"$(inherited)",
					"@executable_path/../Frameworks",
				);
				MACOSX_DEPLOYMENT_TARGET = 11.0;
				MARKETING_VERSION = 1.0;
				PRODUCT_BUNDLE_IDENTIFIER = com.UsiantsevStepan.PokemonCards;
				PRODUCT_NAME = PokemonCards;
				SDKROOT = macosx;
				SWIFT_EMIT_LOC_STRINGS = YES;
				SWIFT_VERSION = 5.0;
			};
			name = Debug;
		};
		B1568FCB268EC81900AF8EEC /* Release */ = {
			isa = XCBuildConfiguration;
			buildSettings = {
				ASSETCATALOG_COMPILER_APPICON_NAME = AppIcon;
				ASSETCATALOG_COMPILER_GLOBAL_ACCENT_COLOR_NAME = AccentColor;
				CODE_SIGN_STYLE = Automatic;
				COMBINE_HIDPI_IMAGES = YES;
				CURRENT_PROJECT_VERSION = 1;
				DEVELOPMENT_TEAM = 9F4WFMQ34H;
				ENABLE_APP_SANDBOX = YES;
				ENABLE_HARDENED_RUNTIME = YES;
				ENABLE_PREVIEWS = YES;
				ENABLE_USER_SELECTED_FILES = readonly;
				GENERATE_INFOPLIST_FILE = YES;
				INFOPLIST_KEY_NSHumanReadableCopyright = "";
				LD_RUNPATH_SEARCH_PATHS = (
					"$(inherited)",
					"@executable_path/../Frameworks",
				);
				MACOSX_DEPLOYMENT_TARGET = 11.0;
				MARKETING_VERSION = 1.0;
				PRODUCT_BUNDLE_IDENTIFIER = com.UsiantsevStepan.PokemonCards;
				PRODUCT_NAME = PokemonCards;
				SDKROOT = macosx;
				SWIFT_EMIT_LOC_STRINGS = YES;
				SWIFT_VERSION = 5.0;
			};
			name = Release;
		};
/* End XCBuildConfiguration section */

/* Begin XCConfigurationList section */
		B1568FAE268EC81700AF8EEC /* Build configuration list for PBXProject "PokemonCards" */ = {
			isa = XCConfigurationList;
			buildConfigurations = (
				B1568FC4268EC81900AF8EEC /* Debug */,
				B1568FC5268EC81900AF8EEC /* Release */,
			);
			defaultConfigurationIsVisible = 0;
			defaultConfigurationName = Release;
		};
		B1568FC6268EC81900AF8EEC /* Build configuration list for PBXNativeTarget "PokemonCards (iOS)" */ = {
			isa = XCConfigurationList;
			buildConfigurations = (
				B1568FC7268EC81900AF8EEC /* Debug */,
				B1568FC8268EC81900AF8EEC /* Release */,
			);
			defaultConfigurationIsVisible = 0;
			defaultConfigurationName = Release;
		};
		B1568FC9268EC81900AF8EEC /* Build configuration list for PBXNativeTarget "PokemonCards (macOS)" */ = {
			isa = XCConfigurationList;
			buildConfigurations = (
				B1568FCA268EC81900AF8EEC /* Debug */,
				B1568FCB268EC81900AF8EEC /* Release */,
			);
			defaultConfigurationIsVisible = 0;
			defaultConfigurationName = Release;
		};
/* End XCConfigurationList section */
	};
	rootObject = B1568FAB268EC81700AF8EEC /* Project object */;
}
